
Microsoft Visual Studio Solution File, Format Version 12.00
# Visual Studio Version 17
VisualStudioVersion = 17.0.32112.339
MinimumVisualStudioVersion = 10.0.40219.1
Project("{FAE04EC0-301F-11D3-BF4B-00C04F79EFBC}") = "MiniOrm", "MiniOrm\MiniOrm.csproj", "{2EF9E537-0E28-4F52-A537-B71A83F8C512}"
EndProject
Project("{FAE04EC0-301F-11D3-BF4B-00C04F79EFBC}") = "MiniOrmFramework", "MiniOrmFramework\MiniOrmFramework.csproj", "{96A6E3A8-9B5C-436A-BBD1-8705CFD95604}"
EndProject
Global
	GlobalSection(SolutionConfigurationPlatforms) = preSolution
		Debug|Any CPU = Debug|Any CPU
		Release|Any CPU = Release|Any CPU
	EndGlobalSection
	GlobalSection(ProjectConfigurationPlatforms) = postSolution
		{2EF9E537-0E28-4F52-A537-B71A83F8C512}.Debug|Any CPU.ActiveCfg = Debug|Any CPU
		{2EF9E537-0E28-4F52-A537-B71A83F8C512}.Debug|Any CPU.Build.0 = Debug|Any CPU
		{2EF9E537-0E28-4F52-A537-B71A83F8C512}.Release|Any CPU.ActiveCfg = Release|Any CPU
		{2EF9E537-0E28-4F52-A537-B71A83F8C512}.Release|Any CPU.Build.0 = Release|Any CPU
		{96A6E3A8-9B5C-436A-BBD1-8705CFD95604}.Debug|Any CPU.ActiveCfg = Debug|Any CPU
		{96A6E3A8-9B5C-436A-BBD1-8705CFD95604}.Debug|Any CPU.Build.0 = Debug|Any CPU
		{96A6E3A8-9B5C-436A-BBD1-8705CFD95604}.Release|Any CPU.ActiveCfg = Release|Any CPU
		{96A6E3A8-9B5C-436A-BBD1-8705CFD95604}.Release|Any CPU.Build.0 = Release|Any CPU
	EndGlobalSection
	GlobalSection(SolutionProperties) = preSolution
		HideSolutionNode = FALSE
	EndGlobalSection
	GlobalSection(ExtensibilityGlobals) = postSolution
		SolutionGuid = {0FA9DF70-B047-46EA-BC94-D20164988431}
	EndGlobalSection
EndGlobal
